
Microsoft Visual Studio Solution File, Format Version 12.00
# Visual Studio 15
VisualStudioVersion = 15.0.26730.15
MinimumVisualStudioVersion = 10.0.40219.1
Project("{FAE04EC0-301F-11D3-BF4B-00C04F79EFBC}") = "ApartmentRestClientKanne", "ApartmentRestClientKanne\ApartmentRestClientKanne.csproj", "{740DB673-B702-4BA5-9E65-75E7D629C559}"
EndProject
Global
	GlobalSection(SolutionConfigurationPlatforms) = preSolution
		Debug|Any CPU = Debug|Any CPU
		Release|Any CPU = Release|Any CPU
	EndGlobalSection
	GlobalSection(ProjectConfigurationPlatforms) = postSolution
		{740DB673-B702-4BA5-9E65-75E7D629C559}.Debug|Any CPU.ActiveCfg = Debug|Any CPU
		{740DB673-B702-4BA5-9E65-75E7D629C559}.Debug|Any CPU.Build.0 = Debug|Any CPU
		{740DB673-B702-4BA5-9E65-75E7D629C559}.Release|Any CPU.ActiveCfg = Release|Any CPU
		{740DB673-B702-4BA5-9E65-75E7D629C559}.Release|Any CPU.Build.0 = Release|Any CPU
	EndGlobalSection
	GlobalSection(SolutionProperties) = preSolution
		HideSolutionNode = FALSE
	EndGlobalSection
	GlobalSection(ExtensibilityGlobals) = postSolution
		SolutionGuid = {1DA120B9-EF43-4310-99DF-1FD5326B92E7}
	EndGlobalSection
EndGlobal
